{
  "version": "5",
  "specifiers": {
    "npm:@openrouter/agent@~0.7.2": "0.7.2",
    "npm:langfuse@^3.38.20": "3.38.20",
    "npm:zod@^4.4.3": "4.4.3"
  },
  "npm": {
    "@openrouter/agent@0.7.2": {
      "integrity": "sha512-G3Rp4iPKP7RQSJ+k7ea2+fDOJXUhsZNmiKoz8Ddlo7fY9KDdNiP4xKA0IA/9Y27FJjb2kagHvP9Dw2ycEwlzmA==",
      "dependencies": [
        "@openrouter/sdk",
        "zod"
      ]
    },
    "@openrouter/sdk@0.13.7": {
      "integrity": "sha512-/QGoYdbFC2lqnVoCwtBX1+3Z5v6SF5hS1/dQisY0so3DzNAIQLHShA0OQVeAg20X0RG3CSKSCK0Ijnkt2rHDXA==",
      "dependencies": [
        "zod"
      ],
      "scripts": true
    },
    "langfuse-core@3.38.20": {
      "integrity": "sha512-zBKVmQN/1oT5VWZUBYlWzvokIlkC/6mnpgr/2atMyTeAm+jR3ia7w2iJMjlrF5/oG8ukO1s8+LDRCzJpF1QeEA==",
      "dependencies": [
        "mustache"
      ]
    },
    "langfuse@3.38.20": {
      "integrity": "sha512-MAmBAASSzJtmK1O9HQegA1mFsQhT8Yf+OJRGvE7FXkyv3g/eiBE0glLD0Ohg3pkxhoPdggM5SejK7ue9ctlaMA==",
      "dependencies": [
        "langfuse-core"
      ]
    },
    "mustache@4.2.0": {
      "integrity": "sha512-71ippSywq5Yb7/tVYyGbkBggbU8H3u5Rz56fH60jGFgr8uHwxs+aSKeqmluIVzM0m0kB7xQjKS6qPfd0b2ZoqQ==",
      "bin": true
    },
    "zod@4.4.3": {
      "integrity": "sha512-ytENFjIJFl2UwYglde2jchW2Hwm4GJFLDiSXWdTrJQBIN9Fcyp7n4DhxJEiWNAJMV1/BqWfW/kkg71UDcHJyTQ=="
    }
  },
  "workspace": {
    "dependencies": [
      "npm:@openrouter/agent@~0.7.2",
      "npm:langfuse@^3.38.20",
      "npm:zod@^4.4.3"
    ]
  }
}
