{
  "name": "@vaked/openrouter-ts",
  "version": "0.2.0",
  "lockfileVersion": 3,
  "requires": true,
  "packages": {
    "": {
      "name": "@vaked/openrouter-ts",
      "version": "0.2.0",
      "dependencies": {
        "@openrouter/agent": "^0.7.2",
        "langfuse": "^3.38.20",
        "zod": "^4.4.3"
      },
      "bin": {
        "orcli": "dist/cli.js"
      },
      "devDependencies": {
        "@types/node": "^25.9.3",
        "oxc-transform": "^0.56.0",
        "oxlint": "^0.15.0",
        "typescript": "^6.0.3"
      },
      "engines": {
        "bun": ">=1.1.0",
        "node": ">=20.0.0"
      }
    },
    "node_modules/@emnapi/core": {
      "version": "1.11.1",
      "resolved": "https://registry.npmjs.org/@emnapi/core/-/core-1.11.1.tgz",
      "integrity": "sha512-RSvbQmHzdKzNsLYa/wHrbc3KN4sYLKAdPZxqiM2HATqv/SBk2/ENSHpvXGaLOMcsAyz0poEGqkmmKYG3OWiJEQ==",
      "dev": true,
      "license": "MIT",
      "optional": true,
      "dependencies": {
        "@emnapi/wasi-threads": "1.2.2",
        "tslib": "^2.4.0"
      }
    },
    "node_modules/@emnapi/runtime": {
      "version": "1.11.1",
      "resolved": "https://registry.npmjs.org/@emnapi/runtime/-/runtime-1.11.1.tgz",
      "integrity": "sha512-vgj7R3y3Wgx24IQaGPA/R6YFXLHVMOZ0uVEyIQPaWs+rd1AzfEMXlAC22FYwO1XkKR6NPsq7mUandH8oIRdZFw==",
      "dev": true,
      "license": "MIT",
      "optional": true,
      "dependencies": {
        "tslib": "^2.4.0"
      }
    },
    "node_modules/@emnapi/wasi-threads": {
      "version": "1.2.2",
      "resolved": "https://registry.npmjs.org/@emnapi/wasi-threads/-/wasi-threads-1.2.2.tgz",
      "integrity": "sha512-c95qOXkHdydNKhscBTebqEC1CVAZpyqOfVfBzQ1qgzyl3gfeldUjIggDbIZgDKsHLgnsM+igH7TJ/eAasaVuMA==",
      "dev": true,
      "license": "MIT",
      "optional": true,
      "dependencies": {
        "tslib": "^2.4.0"
      }
    },
    "node_modules/@napi-rs/wasm-runtime": {
      "version": "0.2.12",
      "resolved": "https://registry.npmjs.org/@napi-rs/wasm-runtime/-/wasm-runtime-0.2.12.tgz",
      "integrity": "sha512-ZVWUcfwY4E/yPitQJl481FjFo3K22D6qF0DuFH6Y/nbnE11GY5uguDxZMGXPQ8WQ0128MXQD7TnfHyK4oWoIJQ==",
      "dev": true,
      "license": "MIT",
      "optional": true,
      "dependencies": {
        "@emnapi/core": "^1.4.3",
        "@emnapi/runtime": "^1.4.3",
        "@tybys/wasm-util": "^0.10.0"
      }
    },
    "node_modules/@openrouter/agent": {
      "version": "0.7.2",
      "resolved": "https://registry.npmjs.org/@openrouter/agent/-/agent-0.7.2.tgz",
      "integrity": "sha512-G3Rp4iPKP7RQSJ+k7ea2+fDOJXUhsZNmiKoz8Ddlo7fY9KDdNiP4xKA0IA/9Y27FJjb2kagHvP9Dw2ycEwlzmA==",
      "license": "Apache-2.0",
      "dependencies": {
        "@openrouter/sdk": "^0.13.7",
        "zod": "^4.0.0"
      }
    },
    "node_modules/@openrouter/sdk": {
      "version": "0.13.7",
      "resolved": "https://registry.npmjs.org/@openrouter/sdk/-/sdk-0.13.7.tgz",
      "integrity": "sha512-/QGoYdbFC2lqnVoCwtBX1+3Z5v6SF5hS1/dQisY0so3DzNAIQLHShA0OQVeAg20X0RG3CSKSCK0Ijnkt2rHDXA==",
      "hasInstallScript": true,
      "license": "Apache-2.0",
      "dependencies": {
        "zod": "^3.25.0 || ^4.0.0"
      }
    },
    "node_modules/@oxc-transform/binding-darwin-arm64": {
      "version": "0.56.5",
      "resolved": "https://registry.npmjs.org/@oxc-transform/binding-darwin-arm64/-/binding-darwin-arm64-0.56.5.tgz",
      "integrity": "sha512-OlLgqKlWqA5A5IW3/YOKV2egeT/h/I36FjB88f07xbOGn/4B1Zj8TeIyvW49rbvi2edz6z5roPzp/CV/htXVHQ==",
      "cpu": [
        "arm64"
      ],
      "dev": true,
      "license": "MIT",
      "optional": true,
      "os": [
        "darwin"
      ],
      "engines": {
        "node": ">=14.0.0"
      }
    },
    "node_modules/@oxc-transform/binding-darwin-x64": {
      "version": "0.56.5",
      "resolved": "https://registry.npmjs.org/@oxc-transform/binding-darwin-x64/-/binding-darwin-x64-0.56.5.tgz",
      "integrity": "sha512-4dEIUwNa+GVz+9nD/Yh9bC3hBL0m6/FQD/p0cTJNVTD8NCuuvHVb4wtIQMbzeROZILrYYDnb7y+WA6MiONVGlA==",
      "cpu": [
        "x64"
      ],
      "dev": true,
      "license": "MIT",
      "optional": true,
      "os": [
        "darwin"
      ],
      "engines": {
        "node": ">=14.0.0"
      }
    },
    "node_modules/@oxc-transform/binding-linux-arm-gnueabihf": {
      "version": "0.56.5",
      "resolved": "https://registry.npmjs.org/@oxc-transform/binding-linux-arm-gnueabihf/-/binding-linux-arm-gnueabihf-0.56.5.tgz",
      "integrity": "sha512-Py/EGK8xSpC/u5TiXG13BihNaV9uoix4G4XMveNlpeOZI7t4SPkCVLQu5X6+4gdEEaJ7km+rrmjXLmrHfWQnjA==",
      "cpu": [
        "arm"
      ],
      "dev": true,
      "license": "MIT",
      "optional": true,
      "os": [
        "linux"
      ],
      "engines": {
        "node": ">=14.0.0"
      }
    },
    "node_modules/@oxc-transform/binding-linux-arm64-gnu": {
      "version": "0.56.5",
      "resolved": "https://registry.npmjs.org/@oxc-transform/binding-linux-arm64-gnu/-/binding-linux-arm64-gnu-0.56.5.tgz",
      "integrity": "sha512-EEgK8RIbJRdLXHJS1VqrEgaMdcwu25xgGZACrSdqmGTAxP5jGwMXModcOdb7a0qiZpyMBEwM3Sa/u0kflJFYLQ==",
      "cpu": [
        "arm64"
      ],
      "dev": true,
      "libc": [
        "glibc"
      ],
      "license": "MIT",
      "optional": true,
      "os": [
        "linux"
      ],
      "engines": {
        "node": ">=14.0.0"
      }
    },
    "node_modules/@oxc-transform/binding-linux-arm64-musl": {
      "version": "0.56.5",
      "resolved": "https://registry.npmjs.org/@oxc-transform/binding-linux-arm64-musl/-/binding-linux-arm64-musl-0.56.5.tgz",
      "integrity": "sha512-SwFBYSWS/GGBqMTqrNoN0IXFRhhey3euBe6a+QPKaI4RHC0jAxJIVIG5dRUjgPg4eAtnpbkWR+1MNk38mF6RiQ==",
      "cpu": [
        "arm64"
      ],
      "dev": true,
      "libc": [
        "musl"
      ],
      "license": "MIT",
      "optional": true,
      "os": [
        "linux"
      ],
      "engines": {
        "node": ">=14.0.0"
      }
    },
    "node_modules/@oxc-transform/binding-linux-x64-gnu": {
      "version": "0.56.5",
      "resolved": "https://registry.npmjs.org/@oxc-transform/binding-linux-x64-gnu/-/binding-linux-x64-gnu-0.56.5.tgz",
      "integrity": "sha512-/egcz00fX5/oRArkmnE6CbRC6aZSOPi/+08AnN5E80iK1K47AB9tWWaA0wS1eI4glDIXlcupH3lYzxSS2qcbBg==",
      "cpu": [
        "x64"
      ],
      "dev": true,
      "libc": [
        "glibc"
      ],
      "license": "MIT",
      "optional": true,
      "os": [
        "linux"
      ],
      "engines": {
        "node": ">=14.0.0"
      }
    },
    "node_modules/@oxc-transform/binding-linux-x64-musl": {
      "version": "0.56.5",
      "resolved": "https://registry.npmjs.org/@oxc-transform/binding-linux-x64-musl/-/binding-linux-x64-musl-0.56.5.tgz",
      "integrity": "sha512-W7hFOx+hvvhB7dmDNYllEInWJrjBrnrsDLZ5/hcqDenLphj7EBfCDDhBMmwgcMCbAc8OIYW/dFMWlTTAPYMZ4Q==",
      "cpu": [
        "x64"
      ],
      "dev": true,
      "libc": [
        "musl"
      ],
      "license": "MIT",
      "optional": true,
      "os": [
        "linux"
      ],
      "engines": {
        "node": ">=14.0.0"
      }
    },
    "node_modules/@oxc-transform/binding-wasm32-wasi": {
      "version": "0.56.5",
      "resolved": "https://registry.npmjs.org/@oxc-transform/binding-wasm32-wasi/-/binding-wasm32-wasi-0.56.5.tgz",
      "integrity": "sha512-6sbMQmFTwiG5tJuUtFFUiyy3wapjzBTTr6uFR6aeaRu8V9yeCaM8O2LXa1g+Lo+t1RUDcIjGxXB+hAgzN3+5wA==",
      "cpu": [
        "wasm32"
      ],
      "dev": true,
      "license": "MIT",
      "optional": true,
      "dependencies": {
        "@napi-rs/wasm-runtime": "^0.2.7"
      },
      "engines": {
        "node": ">=14.0.0"
      }
    },
    "node_modules/@oxc-transform/binding-win32-arm64-msvc": {
      "version": "0.56.5",
      "resolved": "https://registry.npmjs.org/@oxc-transform/binding-win32-arm64-msvc/-/binding-win32-arm64-msvc-0.56.5.tgz",
      "integrity": "sha512-kdejF9Q+Ig/xZ+VcJlGusOw22vVNIsP18MlR4TMTuoOcxkz9/bUQg+oj17V/gATmR5LZDXUU05CQLsdJgrCT6w==",
      "cpu": [
        "arm64"
      ],
      "dev": true,
      "license": "MIT",
      "optional": true,
      "os": [
        "win32"
      ],
      "engines": {
        "node": ">=14.0.0"
      }
    },
    "node_modules/@oxc-transform/binding-win32-x64-msvc": {
      "version": "0.56.5",
      "resolved": "https://registry.npmjs.org/@oxc-transform/binding-win32-x64-msvc/-/binding-win32-x64-msvc-0.56.5.tgz",
      "integrity": "sha512-/gmPYm+U5R/B81NTQfWOVlpxHooBjcZxPeGHHbh2nuRzrpxAE1fdXktZ2IbpOWCT5sRrAlY6ubQigfJJHKy1uA==",
      "cpu": [
        "x64"
      ],
      "dev": true,
      "license": "MIT",
      "optional": true,
      "os": [
        "win32"
      ],
      "engines": {
        "node": ">=14.0.0"
      }
    },
    "node_modules/@oxlint/darwin-arm64": {
      "version": "0.15.15",
      "resolved": "https://registry.npmjs.org/@oxlint/darwin-arm64/-/darwin-arm64-0.15.15.tgz",
      "integrity": "sha512-7GOyGM6D36lUhsOvavAVpF72SycPVG0Enunx0bzv8g0+9TklzOSFN3FJlZjLst14VPdZWujZMLgkQC7tOp+Rwg==",
      "cpu": [
        "arm64"
      ],
      "dev": true,
      "license": "MIT",
      "optional": true,
      "os": [
        "darwin"
      ]
    },
    "node_modules/@oxlint/darwin-x64": {
      "version": "0.15.15",
      "resolved": "https://registry.npmjs.org/@oxlint/darwin-x64/-/darwin-x64-0.15.15.tgz",
      "integrity": "sha512-pbrnYFwMn/fuX0z3IeQ05Nvo/b1zGxjmmWgkrQSDwYHxBxP6NT41hk1pmqkcA+v53xk9wvOa/6vBBI/U30F8Ow==",
      "cpu": [
        "x64"
      ],
      "dev": true,
      "license": "MIT",
      "optional": true,
      "os": [
        "darwin"
      ]
    },
    "node_modules/@oxlint/linux-arm64-gnu": {
      "version": "0.15.15",
      "resolved": "https://registry.npmjs.org/@oxlint/linux-arm64-gnu/-/linux-arm64-gnu-0.15.15.tgz",
      "integrity": "sha512-QWjG3YVsDlIvDTBUPmtPiyqP34ZQpFJqQh2JO94pBih11lFxQ0IGVMEXDhmW3WdiSFPZSJsZGzWynalM9eg+RA==",
      "cpu": [
        "arm64"
      ],
      "dev": true,
      "libc": [
        "glibc"
      ],
      "license": "MIT",
      "optional": true,
      "os": [
        "linux"
      ]
    },
    "node_modules/@oxlint/linux-arm64-musl": {
      "version": "0.15.15",
      "resolved": "https://registry.npmjs.org/@oxlint/linux-arm64-musl/-/linux-arm64-musl-0.15.15.tgz",
      "integrity": "sha512-4W0YsmMSbNzzExOWhk+6zNfmJEmKFqSjFIn8CKLtYFvH8kF6KjoW4/0HNsDNYW5Fz+KOut/2JgkvxAiKH+r0zA==",
      "cpu": [
        "arm64"
      ],
      "dev": true,
      "libc": [
        "musl"
      ],
      "license": "MIT",
      "optional": true,
      "os": [
        "linux"
      ]
    },
    "node_modules/@oxlint/linux-x64-gnu": {
      "version": "0.15.15",
      "resolved": "https://registry.npmjs.org/@oxlint/linux-x64-gnu/-/linux-x64-gnu-0.15.15.tgz",
      "integrity": "sha512-agP3e+eQ6tE5tqN6VI4Uukx2yvjwYFjtrDMcB19J7PmGOaFRwuMuT0sNWK/9guvhuS9aCINNZTi3kEhMy9Qgng==",
      "cpu": [
        "x64"
      ],
      "dev": true,
      "libc": [
        "glibc"
      ],
      "license": "MIT",
      "optional": true,
      "os": [
        "linux"
      ]
    },
    "node_modules/@oxlint/linux-x64-musl": {
      "version": "0.15.15",
      "resolved": "https://registry.npmjs.org/@oxlint/linux-x64-musl/-/linux-x64-musl-0.15.15.tgz",
      "integrity": "sha512-L2qE9NhhUafsJOO4pofLx/0hW5IB0sfJa6bS85q0j+ySaI0f3CxMaAadrZLFSuqHWB3oF18B5yvzaPWsc2ohbQ==",
      "cpu": [
        "x64"
      ],
      "dev": true,
      "libc": [
        "musl"
      ],
      "license": "MIT",
      "optional": true,
      "os": [
        "linux"
      ]
    },
    "node_modules/@oxlint/win32-arm64": {
      "version": "0.15.15",
      "resolved": "https://registry.npmjs.org/@oxlint/win32-arm64/-/win32-arm64-0.15.15.tgz",
      "integrity": "sha512-B7f4VAS/E78n8zy6XZlNeyYOtWTel4BJn/22Ap2yEAlNzO34ot8dGfpLk6MqTUWJrRnARwVBVmc3wRVrsOT5yg==",
      "cpu": [
        "arm64"
      ],
      "dev": true,
      "license": "MIT",
      "optional": true,
      "os": [
        "win32"
      ]
    },
    "node_modules/@oxlint/win32-x64": {
      "version": "0.15.15",
      "resolved": "https://registry.npmjs.org/@oxlint/win32-x64/-/win32-x64-0.15.15.tgz",
      "integrity": "sha512-ZM9T3/OpaQ3qvrk/VuHO2EQmhNH4cOZdr/b/Ju9VKwBr+ahhqMn3W5srrplWQWxfsb0yd1yBj7iD0jdAps2iLg==",
      "cpu": [
        "x64"
      ],
      "dev": true,
      "license": "MIT",
      "optional": true,
      "os": [
        "win32"
      ]
    },
    "node_modules/@tybys/wasm-util": {
      "version": "0.10.2",
      "resolved": "https://registry.npmjs.org/@tybys/wasm-util/-/wasm-util-0.10.2.tgz",
      "integrity": "sha512-RoBvJ2X0wuKlWFIjrwffGw1IqZHKQqzIchKaadZZfnNpsAYp2mM0h36JtPCjNDAHGgYez/15uMBpfGwchhiMgg==",
      "dev": true,
      "license": "MIT",
      "optional": true,
      "dependencies": {
        "tslib": "^2.4.0"
      }
    },
    "node_modules/@types/node": {
      "version": "25.9.3",
      "resolved": "https://registry.npmjs.org/@types/node/-/node-25.9.3.tgz",
      "integrity": "sha512-603BddQMv3pUcr4U2dhujk83N2tTDVr/34wII2B6bJy6g+8WD6yUb11jszNs0gdi4PesVWl7ABt8nYMVpnLUcg==",
      "dev": true,
      "license": "MIT",
      "dependencies": {
        "undici-types": ">=7.24.0 <7.24.7"
      }
    },
    "node_modules/langfuse": {
      "version": "3.38.20",
      "resolved": "https://registry.npmjs.org/langfuse/-/langfuse-3.38.20.tgz",
      "integrity": "sha512-MAmBAASSzJtmK1O9HQegA1mFsQhT8Yf+OJRGvE7FXkyv3g/eiBE0glLD0Ohg3pkxhoPdggM5SejK7ue9ctlaMA==",
      "license": "MIT",
      "dependencies": {
        "langfuse-core": "^3.38.20"
      },
      "engines": {
        "node": ">=18"
      }
    },
    "node_modules/langfuse-core": {
      "version": "3.38.20",
      "resolved": "https://registry.npmjs.org/langfuse-core/-/langfuse-core-3.38.20.tgz",
      "integrity": "sha512-zBKVmQN/1oT5VWZUBYlWzvokIlkC/6mnpgr/2atMyTeAm+jR3ia7w2iJMjlrF5/oG8ukO1s8+LDRCzJpF1QeEA==",
      "license": "MIT",
      "dependencies": {
        "mustache": "^4.2.0"
      },
      "engines": {
        "node": ">=18"
      }
    },
    "node_modules/mustache": {
      "version": "4.2.0",
      "resolved": "https://registry.npmjs.org/mustache/-/mustache-4.2.0.tgz",
      "integrity": "sha512-71ippSywq5Yb7/tVYyGbkBggbU8H3u5Rz56fH60jGFgr8uHwxs+aSKeqmluIVzM0m0kB7xQjKS6qPfd0b2ZoqQ==",
      "license": "MIT",
      "bin": {
        "mustache": "bin/mustache"
      }
    },
    "node_modules/oxc-transform": {
      "version": "0.56.5",
      "resolved": "https://registry.npmjs.org/oxc-transform/-/oxc-transform-0.56.5.tgz",
      "integrity": "sha512-cLIZZqdwLpBBTZ9ILNpcGQUrqvgLKpo1+wx9CHimORs4Q6HUMjOYK65aZzyi5pIfBGzq0j3avK7rufpik0vzlA==",
      "dev": true,
      "license": "MIT",
      "engines": {
        "node": ">=14.0.0"
      },
      "funding": {
        "url": "https://github.com/sponsors/Boshen"
      },
      "optionalDependencies": {
        "@oxc-transform/binding-darwin-arm64": "0.56.5",
        "@oxc-transform/binding-darwin-x64": "0.56.5",
        "@oxc-transform/binding-linux-arm-gnueabihf": "0.56.5",
        "@oxc-transform/binding-linux-arm64-gnu": "0.56.5",
        "@oxc-transform/binding-linux-arm64-musl": "0.56.5",
        "@oxc-transform/binding-linux-x64-gnu": "0.56.5",
        "@oxc-transform/binding-linux-x64-musl": "0.56.5",
        "@oxc-transform/binding-wasm32-wasi": "0.56.5",
        "@oxc-transform/binding-win32-arm64-msvc": "0.56.5",
        "@oxc-transform/binding-win32-x64-msvc": "0.56.5"
      }
    },
    "node_modules/oxlint": {
      "version": "0.15.15",
      "resolved": "https://registry.npmjs.org/oxlint/-/oxlint-0.15.15.tgz",
      "integrity": "sha512-oQNc1mAHrrbKiXyKJMGs9VCZfwGfLy7YiQKa4qupi71X/u4xyWqOh36YKXqWOXnmm2y7vfWFpGZlhJPAa9tMqA==",
      "dev": true,
      "license": "MIT",
      "bin": {
        "oxc_language_server": "bin/oxc_language_server",
        "oxlint": "bin/oxlint"
      },
      "engines": {
        "node": ">=8.*"
      },
      "funding": {
        "url": "https://github.com/sponsors/Boshen"
      },
      "optionalDependencies": {
        "@oxlint/darwin-arm64": "0.15.15",
        "@oxlint/darwin-x64": "0.15.15",
        "@oxlint/linux-arm64-gnu": "0.15.15",
        "@oxlint/linux-arm64-musl": "0.15.15",
        "@oxlint/linux-x64-gnu": "0.15.15",
        "@oxlint/linux-x64-musl": "0.15.15",
        "@oxlint/win32-arm64": "0.15.15",
        "@oxlint/win32-x64": "0.15.15"
      }
    },
    "node_modules/tslib": {
      "version": "2.8.1",
      "resolved": "https://registry.npmjs.org/tslib/-/tslib-2.8.1.tgz",
      "integrity": "sha512-oJFu94HQb+KVduSUQL7wnpmqnfmLsOA/nAh6b6EH0wCEoK0/mPeXU6c3wKDV83MkOuHPRHtSXKKU99IBazS/2w==",
      "dev": true,
      "license": "0BSD",
      "optional": true
    },
    "node_modules/typescript": {
      "version": "6.0.3",
      "resolved": "https://registry.npmjs.org/typescript/-/typescript-6.0.3.tgz",
      "integrity": "sha512-y2TvuxSZPDyQakkFRPZHKFm+KKVqIisdg9/CZwm9ftvKXLP8NRWj38/ODjNbr43SsoXqNuAisEf1GdCxqWcdBw==",
      "dev": true,
      "license": "Apache-2.0",
      "bin": {
        "tsc": "bin/tsc",
        "tsserver": "bin/tsserver"
      },
      "engines": {
        "node": ">=14.17"
      }
    },
    "node_modules/undici-types": {
      "version": "7.24.6",
      "resolved": "https://registry.npmjs.org/undici-types/-/undici-types-7.24.6.tgz",
      "integrity": "sha512-WRNW+sJgj5OBN4/0JpHFqtqzhpbnV0GuB+OozA9gCL7a993SmU+1JBZCzLNxYsbMfIeDL+lTsphD5jN5N+n0zg==",
      "dev": true,
      "license": "MIT"
    },
    "node_modules/zod": {
      "version": "4.4.3",
      "resolved": "https://registry.npmjs.org/zod/-/zod-4.4.3.tgz",
      "integrity": "sha512-ytENFjIJFl2UwYglde2jchW2Hwm4GJFLDiSXWdTrJQBIN9Fcyp7n4DhxJEiWNAJMV1/BqWfW/kkg71UDcHJyTQ==",
      "license": "MIT",
      "funding": {
        "url": "https://github.com/sponsors/colinhacks"
      }
    }
  }
}
